
Microsoft Visual Studio Solution File, Format Version 12.00
# Visual Studio Version 17
VisualStudioVersion = 17.3.32825.248
MinimumVisualStudioVersion = 10.0.40219.1
Project("{FAE04EC0-301F-11D3-BF4B-00C04F79EFBC}") = "CombustionAnalysis", "CombustionAnalysis.csproj", "{81CBA668-2CEC-42BF-BD2A-F7993F37604B}"
EndProject
Global
	GlobalSection(SolutionConfigurationPlatforms) = preSolution
		Debug|Any CPU = Debug|Any CPU
		Release|Any CPU = Release|Any CPU
	EndGlobalSection
	GlobalSection(ProjectConfigurationPlatforms) = postSolution
		{81CBA668-2CEC-42BF-BD2A-F7993F37604B}.Debug|Any CPU.ActiveCfg = Debug|Any CPU
		{81CBA668-2CEC-42BF-BD2A-F7993F37604B}.Debug|Any CPU.Build.0 = Debug|Any CPU
		{81CBA668-2CEC-42BF-BD2A-F7993F37604B}.Release|Any CPU.ActiveCfg = Release|Any CPU
		{81CBA668-2CEC-42BF-BD2A-F7993F37604B}.Release|Any CPU.Build.0 = Release|Any CPU
	EndGlobalSection
	GlobalSection(SolutionProperties) = preSolution
		HideSolutionNode = FALSE
	EndGlobalSection
	GlobalSection(ExtensibilityGlobals) = postSolution
		SolutionGuid = {0115B641-77B9-4AFA-BAF2-8A24BF89A4F2}
	EndGlobalSection
EndGlobal
